{
  "name": "repetiton-timer",
  "version": "1.0.0",
  "lockfileVersion": 2,
  "requires": true,
  "packages": {
    "": {
      "version": "1.0.0",
      "license": "ISC",
      "dependencies": {
        "waait": "^1.0.5"
      }
    },
    "node_modules/waait": {
      "version": "1.0.5",
      "resolved": "https://registry.npmjs.org/waait/-/waait-1.0.5.tgz",
      "integrity": "sha512-wp+unA4CpqxvBUKHHv8D86fK4jWByHAWyhEXXVHfVUZfK+16ylpj7hjQ58Z8j9ntu8XNukRQT8Fi5qbyJ8rkyw=="
    }
  },
  "dependencies": {
    "waait": {
      "version": "1.0.5",
      "resolved": "https://registry.npmjs.org/waait/-/waait-1.0.5.tgz",
      "integrity": "sha512-wp+unA4CpqxvBUKHHv8D86fK4jWByHAWyhEXXVHfVUZfK+16ylpj7hjQ58Z8j9ntu8XNukRQT8Fi5qbyJ8rkyw=="
    }
  }
}
