{
  "name": "compound",
  "version": "1.0.0",
  "lockfileVersion": 2,
  "requires": true,
  "packages": {
    "": {
      "name": "compound",
      "version": "1.0.0",
      "license": "ISC",
      "dependencies": {
        "financial": "^0.1.3"
      }
    },
    "node_modules/financial": {
      "version": "0.1.3",
      "resolved": "https://registry.npmjs.org/financial/-/financial-0.1.3.tgz",
      "integrity": "sha512-vdv2nx8x+u1bgfcdt/BsKU4Gpqfu9u2485UJoQAs6GqrASszm6QWY7d8H7x968G5rAdV4SU2Nz4JoLTtHUnlcA==",
      "engines": {
        "node": ">=12"
      }
    }
  },
  "dependencies": {
    "financial": {
      "version": "0.1.3",
      "resolved": "https://registry.npmjs.org/financial/-/financial-0.1.3.tgz",
      "integrity": "sha512-vdv2nx8x+u1bgfcdt/BsKU4Gpqfu9u2485UJoQAs6GqrASszm6QWY7d8H7x968G5rAdV4SU2Nz4JoLTtHUnlcA=="
    }
  }
}
